
Microsoft Visual Studio Solution File, Format Version 12.00
# Visual Studio Version 17
VisualStudioVersion = 17.13.35825.156 d17.13
MinimumVisualStudioVersion = 10.0.40219.1
Project("{FAE04EC0-301F-11D3-BF4B-00C04F79EFBC}") = "websitecafe", "websitecafe\websitecafe.csproj", "{B14203D1-B5B8-497A-A2F3-8B59B611D520}"
EndProject
Global
	GlobalSection(SolutionConfigurationPlatforms) = preSolution
		Debug|Any CPU = Debug|Any CPU
		Release|Any CPU = Release|Any CPU
	EndGlobalSection
	GlobalSection(ProjectConfigurationPlatforms) = postSolution
		{B14203D1-B5B8-497A-A2F3-8B59B611D520}.Debug|Any CPU.ActiveCfg = Debug|Any CPU
		{B14203D1-B5B8-497A-A2F3-8B59B611D520}.Debug|Any CPU.Build.0 = Debug|Any CPU
		{B14203D1-B5B8-497A-A2F3-8B59B611D520}.Release|Any CPU.ActiveCfg = Release|Any CPU
		{B14203D1-B5B8-497A-A2F3-8B59B611D520}.Release|Any CPU.Build.0 = Release|Any CPU
	EndGlobalSection
	GlobalSection(SolutionProperties) = preSolution
		HideSolutionNode = FALSE
	EndGlobalSection
	GlobalSection(ExtensibilityGlobals) = postSolution
		SolutionGuid = {57255D91-29FB-48A4-B6C2-A96E2A72858F}
	EndGlobalSection
EndGlobal
